// !$*UTF8*$!
{
	archiveVersion = 1;
	classes = {
	};
	objectVersion = 55;
	objects = {

/* Begin PBXBuildFile section */
		061C55EB287E284F00033418 /* AddItemViewController.m in Sources */ = {isa = PBXBuildFile; fileRef = 061C55EA287E284F00033418 /* AddItemViewController.m */; };
		061C55F2287E303C00033418 /* Item.m in Sources */ = {isa = PBXBuildFile; fileRef = 061C55ED287E303C00033418 /* Item.m */; };
		061C55F4287E303C00033418 /* Trip.m in Sources */ = {isa = PBXBuildFile; fileRef = 061C55F1287E303C00033418 /* Trip.m */; };
		064A476D28809E8800AEF527 /* ScanBarcodeViewController.m in Sources */ = {isa = PBXBuildFile; fileRef = 064A476C28809E8800AEF527 /* ScanBarcodeViewController.m */; };
		06644835287774D300D89317 /* ProfileViewController.m in Sources */ = {isa = PBXBuildFile; fileRef = 06644834287774D300D89317 /* ProfileViewController.m */; };
		066F0B3928872E7900BE5213 /* ShoppingList.m in Sources */ = {isa = PBXBuildFile; fileRef = 066F0B3728872E7800BE5213 /* ShoppingList.m */; };
		066F0B3C2887351500BE5213 /* ShoppingListCell.m in Sources */ = {isa = PBXBuildFile; fileRef = 066F0B3B2887351500BE5213 /* ShoppingListCell.m */; };
		06826747288628450090D635 /* SpecificListViewController.m in Sources */ = {isa = PBXBuildFile; fileRef = 06826746288628450090D635 /* SpecificListViewController.m */; };
		0682674D288629EA0090D635 /* ShoppingListManagerViewController.m in Sources */ = {isa = PBXBuildFile; fileRef = 0682674C288629EA0090D635 /* ShoppingListManagerViewController.m */; };
		06A377122875FE2500A6AA7D /* AppDelegate.m in Sources */ = {isa = PBXBuildFile; fileRef = 06A377112875FE2500A6AA7D /* AppDelegate.m */; };
		06A377152875FE2500A6AA7D /* SceneDelegate.m in Sources */ = {isa = PBXBuildFile; fileRef = 06A377142875FE2500A6AA7D /* SceneDelegate.m */; };
		06A377182875FE2500A6AA7D /* ViewController.m in Sources */ = {isa = PBXBuildFile; fileRef = 06A377172875FE2500A6AA7D /* ViewController.m */; };
		06A3771B2875FE2500A6AA7D /* Main.storyboard in Resources */ = {isa = PBXBuildFile; fileRef = 06A377192875FE2500A6AA7D /* Main.storyboard */; };
		06A3771D2875FE2500A6AA7D /* Assets.xcassets in Resources */ = {isa = PBXBuildFile; fileRef = 06A3771C2875FE2500A6AA7D /* Assets.xcassets */; };
		06A377202875FE2500A6AA7D /* LaunchScreen.storyboard in Resources */ = {isa = PBXBuildFile; fileRef = 06A3771E2875FE2500A6AA7D /* LaunchScreen.storyboard */; };
		06A377232875FE2500A6AA7D /* main.m in Sources */ = {isa = PBXBuildFile; fileRef = 06A377222875FE2500A6AA7D /* main.m */; };
		06A3772D2875FE2600A6AA7D /* shopBuddyTests.m in Sources */ = {isa = PBXBuildFile; fileRef = 06A3772C2875FE2600A6AA7D /* shopBuddyTests.m */; };
		06A377372875FE2600A6AA7D /* shopBuddyUITests.m in Sources */ = {isa = PBXBuildFile; fileRef = 06A377362875FE2600A6AA7D /* shopBuddyUITests.m */; };
		06A377392875FE2600A6AA7D /* shopBuddyUITestsLaunchTests.m in Sources */ = {isa = PBXBuildFile; fileRef = 06A377382875FE2600A6AA7D /* shopBuddyUITestsLaunchTests.m */; };
		06A377472876034000A6AA7D /* LoginViewController.m in Sources */ = {isa = PBXBuildFile; fileRef = 06A377462876034000A6AA7D /* LoginViewController.m */; };
		06AE10DE287CA9AF00365113 /* ItemDetailViewController.m in Sources */ = {isa = PBXBuildFile; fileRef = 06AE10DD287CA9AF00365113 /* ItemDetailViewController.m */; };
		06AF73E7287DF44100703AB4 /* Keys.plist in Resources */ = {isa = PBXBuildFile; fileRef = 06AF73E6287DF44100703AB4 /* Keys.plist */; };
		06AF73EA287DF62E00703AB4 /* APIManager.m in Sources */ = {isa = PBXBuildFile; fileRef = 06AF73E9287DF62E00703AB4 /* APIManager.m */; };
		06EC27442885FF9D006C8183 /* SearchResultItemCell.m in Sources */ = {isa = PBXBuildFile; fileRef = 06EC27432885FF9C006C8183 /* SearchResultItemCell.m */; };
		33ABBBA0EFD5F2DE0074496D /* Pods_shopBuddyTests.framework in Frameworks */ = {isa = PBXBuildFile; fileRef = 223652829D200A57A0FB831D /* Pods_shopBuddyTests.framework */; };
		4FAE13C4D0436D1585F1B7A0 /* Pods_shopBuddy_shopBuddyUITests.framework in Frameworks */ = {isa = PBXBuildFile; fileRef = F76603BFE840A21CA4331931 /* Pods_shopBuddy_shopBuddyUITests.framework */; };
		83B39467872747913D42B033 /* Pods_shopBuddy.framework in Frameworks */ = {isa = PBXBuildFile; fileRef = A4373E1465869E684E892CF1 /* Pods_shopBuddy.framework */; };
/* End PBXBuildFile section */

/* Begin PBXContainerItemProxy section */
		06A377292875FE2600A6AA7D /* PBXContainerItemProxy */ = {
			isa = PBXContainerItemProxy;
			containerPortal = 06A377052875FE2500A6AA7D /* Project object */;
			proxyType = 1;
			remoteGlobalIDString = 06A3770C2875FE2500A6AA7D;
			remoteInfo = shopBuddy;
		};
		06A377332875FE2600A6AA7D /* PBXContainerItemProxy */ = {
			isa = PBXContainerItemProxy;
			containerPortal = 06A377052875FE2500A6AA7D /* Project object */;
			proxyType = 1;
			remoteGlobalIDString = 06A3770C2875FE2500A6AA7D;
			remoteInfo = shopBuddy;
		};
/* End PBXContainerItemProxy section */

/* Begin PBXFileReference section */
		0120EC177056832D6695B428 /* Pods-shopBuddyTests.debug.xcconfig */ = {isa = PBXFileReference; includeInIndex = 1; lastKnownFileType = text.xcconfig; name = "Pods-shopBuddyTests.debug.xcconfig"; path = "Target Support Files/Pods-shopBuddyTests/Pods-shopBuddyTests.debug.xcconfig"; sourceTree = "<group>"; };
		013DD7C4DF0A94FC4D7FC2D7 /* Pods-shopBuddy.debug.xcconfig */ = {isa = PBXFileReference; includeInIndex = 1; lastKnownFileType = text.xcconfig; name = "Pods-shopBuddy.debug.xcconfig"; path = "Target Support Files/Pods-shopBuddy/Pods-shopBuddy.debug.xcconfig"; sourceTree = "<group>"; };
		061C55E9287E284F00033418 /* AddItemViewController.h */ = {isa = PBXFileReference; lastKnownFileType = sourcecode.c.h; path = AddItemViewController.h; sourceTree = "<group>"; };
		061C55EA287E284F00033418 /* AddItemViewController.m */ = {isa = PBXFileReference; lastKnownFileType = sourcecode.c.objc; path = AddItemViewController.m; sourceTree = "<group>"; };
		061C55EC287E303C00033418 /* Item.h */ = {isa = PBXFileReference; fileEncoding = 4; lastKnownFileType = sourcecode.c.h; path = Item.h; sourceTree = "<group>"; };
		061C55ED287E303C00033418 /* Item.m */ = {isa = PBXFileReference; fileEncoding = 4; lastKnownFileType = sourcecode.c.objc; path = Item.m; sourceTree = "<group>"; };
		061C55F0287E303C00033418 /* Trip.h */ = {isa = PBXFileReference; fileEncoding = 4; lastKnownFileType = sourcecode.c.h; path = Trip.h; sourceTree = "<group>"; };
		061C55F1287E303C00033418 /* Trip.m */ = {isa = PBXFileReference; fileEncoding = 4; lastKnownFileType = sourcecode.c.objc; path = Trip.m; sourceTree = "<group>"; };
		064A476B28809E8800AEF527 /* ScanBarcodeViewController.h */ = {isa = PBXFileReference; lastKnownFileType = sourcecode.c.h; path = ScanBarcodeViewController.h; sourceTree = "<group>"; };
		064A476C28809E8800AEF527 /* ScanBarcodeViewController.m */ = {isa = PBXFileReference; lastKnownFileType = sourcecode.c.objc; path = ScanBarcodeViewController.m; sourceTree = "<group>"; };
		06644833287774D300D89317 /* ProfileViewController.h */ = {isa = PBXFileReference; lastKnownFileType = sourcecode.c.h; path = ProfileViewController.h; sourceTree = "<group>"; };
		06644834287774D300D89317 /* ProfileViewController.m */ = {isa = PBXFileReference; lastKnownFileType = sourcecode.c.objc; path = ProfileViewController.m; sourceTree = "<group>"; };
		066F0B3728872E7800BE5213 /* ShoppingList.m */ = {isa = PBXFileReference; lastKnownFileType = sourcecode.c.objc; name = ShoppingList.m; path = /Users/rachnagupta/Desktop/shopBuddy/shopBuddy/shopBuddy/ShoppingList.m; sourceTree = "<absolute>"; };
		066F0B3828872E7900BE5213 /* ShoppingList.h */ = {isa = PBXFileReference; lastKnownFileType = sourcecode.c.h; name = ShoppingList.h; path = /Users/rachnagupta/Desktop/shopBuddy/shopBuddy/shopBuddy/ShoppingList.h; sourceTree = "<absolute>"; };
		066F0B3A2887351500BE5213 /* ShoppingListCell.h */ = {isa = PBXFileReference; lastKnownFileType = sourcecode.c.h; path = ShoppingListCell.h; sourceTree = "<group>"; };
		066F0B3B2887351500BE5213 /* ShoppingListCell.m */ = {isa = PBXFileReference; lastKnownFileType = sourcecode.c.objc; path = ShoppingListCell.m; sourceTree = "<group>"; };
		06826745288628450090D635 /* SpecificListViewController.h */ = {isa = PBXFileReference; fileEncoding = 4; lastKnownFileType = sourcecode.c.h; path = SpecificListViewController.h; sourceTree = "<group>"; };
		06826746288628450090D635 /* SpecificListViewController.m */ = {isa = PBXFileReference; fileEncoding = 4; lastKnownFileType = sourcecode.c.objc; path = SpecificListViewController.m; sourceTree = "<group>"; };
		0682674B288629EA0090D635 /* ShoppingListManagerViewController.h */ = {isa = PBXFileReference; lastKnownFileType = sourcecode.c.h; path = ShoppingListManagerViewController.h; sourceTree = "<group>"; };
		0682674C288629EA0090D635 /* ShoppingListManagerViewController.m */ = {isa = PBXFileReference; lastKnownFileType = sourcecode.c.objc; path = ShoppingListManagerViewController.m; sourceTree = "<group>"; };
		06A3770D2875FE2500A6AA7D /* shopBuddy.app */ = {isa = PBXFileReference; explicitFileType = wrapper.application; includeInIndex = 0; path = shopBuddy.app; sourceTree = BUILT_PRODUCTS_DIR; };
		06A377102875FE2500A6AA7D /* AppDelegate.h */ = {isa = PBXFileReference; lastKnownFileType = sourcecode.c.h; path = AppDelegate.h; sourceTree = "<group>"; };
		06A377112875FE2500A6AA7D /* AppDelegate.m */ = {isa = PBXFileReference; lastKnownFileType = sourcecode.c.objc; path = AppDelegate.m; sourceTree = "<group>"; };
		06A377132875FE2500A6AA7D /* SceneDelegate.h */ = {isa = PBXFileReference; lastKnownFileType = sourcecode.c.h; path = SceneDelegate.h; sourceTree = "<group>"; };
		06A377142875FE2500A6AA7D /* SceneDelegate.m */ = {isa = PBXFileReference; lastKnownFileType = sourcecode.c.objc; path = SceneDelegate.m; sourceTree = "<group>"; };
		06A377162875FE2500A6AA7D /* ViewController.h */ = {isa = PBXFileReference; lastKnownFileType = sourcecode.c.h; path = ViewController.h; sourceTree = "<group>"; };
		06A377172875FE2500A6AA7D /* ViewController.m */ = {isa = PBXFileReference; lastKnownFileType = sourcecode.c.objc; path = ViewController.m; sourceTree = "<group>"; };
		06A3771A2875FE2500A6AA7D /* Base */ = {isa = PBXFileReference; lastKnownFileType = file.storyboard; name = Base; path = Base.lproj/Main.storyboard; sourceTree = "<group>"; };
		06A3771C2875FE2500A6AA7D /* Assets.xcassets */ = {isa = PBXFileReference; lastKnownFileType = folder.assetcatalog; path = Assets.xcassets; sourceTree = "<group>"; };
		06A3771F2875FE2500A6AA7D /* Base */ = {isa = PBXFileReference; lastKnownFileType = file.storyboard; name = Base; path = Base.lproj/LaunchScreen.storyboard; sourceTree = "<group>"; };
		06A377212875FE2500A6AA7D /* Info.plist */ = {isa = PBXFileReference; lastKnownFileType = text.plist.xml; path = Info.plist; sourceTree = "<group>"; };
		06A377222875FE2500A6AA7D /* main.m */ = {isa = PBXFileReference; lastKnownFileType = sourcecode.c.objc; path = main.m; sourceTree = "<group>"; };
		06A377282875FE2600A6AA7D /* shopBuddyTests.xctest */ = {isa = PBXFileReference; explicitFileType = wrapper.cfbundle; includeInIndex = 0; path = shopBuddyTests.xctest; sourceTree = BUILT_PRODUCTS_DIR; };
		06A3772C2875FE2600A6AA7D /* shopBuddyTests.m */ = {isa = PBXFileReference; lastKnownFileType = sourcecode.c.objc; path = shopBuddyTests.m; sourceTree = "<group>"; };
		06A377322875FE2600A6AA7D /* shopBuddyUITests.xctest */ = {isa = PBXFileReference; explicitFileType = wrapper.cfbundle; includeInIndex = 0; path = shopBuddyUITests.xctest; sourceTree = BUILT_PRODUCTS_DIR; };
		06A377362875FE2600A6AA7D /* shopBuddyUITests.m */ = {isa = PBXFileReference; lastKnownFileType = sourcecode.c.objc; path = shopBuddyUITests.m; sourceTree = "<group>"; };
		06A377382875FE2600A6AA7D /* shopBuddyUITestsLaunchTests.m */ = {isa = PBXFileReference; lastKnownFileType = sourcecode.c.objc; path = shopBuddyUITestsLaunchTests.m; sourceTree = "<group>"; };
		06A377452876034000A6AA7D /* LoginViewController.h */ = {isa = PBXFileReference; lastKnownFileType = sourcecode.c.h; path = LoginViewController.h; sourceTree = "<group>"; };
		06A377462876034000A6AA7D /* LoginViewController.m */ = {isa = PBXFileReference; lastKnownFileType = sourcecode.c.objc; path = LoginViewController.m; sourceTree = "<group>"; };
		06AE10DC287CA9AF00365113 /* ItemDetailViewController.h */ = {isa = PBXFileReference; lastKnownFileType = sourcecode.c.h; path = ItemDetailViewController.h; sourceTree = "<group>"; };
		06AE10DD287CA9AF00365113 /* ItemDetailViewController.m */ = {isa = PBXFileReference; lastKnownFileType = sourcecode.c.objc; path = ItemDetailViewController.m; sourceTree = "<group>"; };
		06AF73E6287DF44100703AB4 /* Keys.plist */ = {isa = PBXFileReference; lastKnownFileType = text.plist.xml; path = Keys.plist; sourceTree = "<group>"; };
		06AF73E8287DF62E00703AB4 /* APIManager.h */ = {isa = PBXFileReference; lastKnownFileType = sourcecode.c.h; path = APIManager.h; sourceTree = "<group>"; };
		06AF73E9287DF62E00703AB4 /* APIManager.m */ = {isa = PBXFileReference; lastKnownFileType = sourcecode.c.objc; path = APIManager.m; sourceTree = "<group>"; };
		06EC27422885FF9C006C8183 /* SearchResultItemCell.h */ = {isa = PBXFileReference; lastKnownFileType = sourcecode.c.h; name = SearchResultItemCell.h; path = /Users/rachnagupta/Desktop/shopBuddy/shopBuddy/shopBuddy/SearchResultItemCell.h; sourceTree = "<absolute>"; };
		06EC27432885FF9C006C8183 /* SearchResultItemCell.m */ = {isa = PBXFileReference; lastKnownFileType = sourcecode.c.objc; name = SearchResultItemCell.m; path = /Users/rachnagupta/Desktop/shopBuddy/shopBuddy/shopBuddy/SearchResultItemCell.m; sourceTree = "<absolute>"; };
		223652829D200A57A0FB831D /* Pods_shopBuddyTests.framework */ = {isa = PBXFileReference; explicitFileType = wrapper.framework; includeInIndex = 0; path = Pods_shopBuddyTests.framework; sourceTree = BUILT_PRODUCTS_DIR; };
		57D1447D4426488D803294F1 /* Pods-shopBuddyTests.release.xcconfig */ = {isa = PBXFileReference; includeInIndex = 1; lastKnownFileType = text.xcconfig; name = "Pods-shopBuddyTests.release.xcconfig"; path = "Target Support Files/Pods-shopBuddyTests/Pods-shopBuddyTests.release.xcconfig"; sourceTree = "<group>"; };
		62258DBD9521EB8252325E07 /* Pods-shopBuddy.release.xcconfig */ = {isa = PBXFileReference; includeInIndex = 1; lastKnownFileType = text.xcconfig; name = "Pods-shopBuddy.release.xcconfig"; path = "Target Support Files/Pods-shopBuddy/Pods-shopBuddy.release.xcconfig"; sourceTree = "<group>"; };
		74B92174F6E781B4284D2EB1 /* Pods-shopBuddy-shopBuddyUITests.debug.xcconfig */ = {isa = PBXFileReference; includeInIndex = 1; lastKnownFileType = text.xcconfig; name = "Pods-shopBuddy-shopBuddyUITests.debug.xcconfig"; path = "Target Support Files/Pods-shopBuddy-shopBuddyUITests/Pods-shopBuddy-shopBuddyUITests.debug.xcconfig"; sourceTree = "<group>"; };
		98F2B1699A5781A2A8C0A144 /* Pods-shopBuddy-shopBuddyUITests.release.xcconfig */ = {isa = PBXFileReference; includeInIndex = 1; lastKnownFileType = text.xcconfig; name = "Pods-shopBuddy-shopBuddyUITests.release.xcconfig"; path = "Target Support Files/Pods-shopBuddy-shopBuddyUITests/Pods-shopBuddy-shopBuddyUITests.release.xcconfig"; sourceTree = "<group>"; };
		A4373E1465869E684E892CF1 /* Pods_shopBuddy.framework */ = {isa = PBXFileReference; explicitFileType = wrapper.framework; includeInIndex = 0; path = Pods_shopBuddy.framework; sourceTree = BUILT_PRODUCTS_DIR; };
		F76603BFE840A21CA4331931 /* Pods_shopBuddy_shopBuddyUITests.framework */ = {isa = PBXFileReference; explicitFileType = wrapper.framework; includeInIndex = 0; path = Pods_shopBuddy_shopBuddyUITests.framework; sourceTree = BUILT_PRODUCTS_DIR; };
/* End PBXFileReference section */

/* Begin PBXFrameworksBuildPhase section */
		06A3770A2875FE2500A6AA7D /* Frameworks */ = {
			isa = PBXFrameworksBuildPhase;
			buildActionMask = 2147483647;
			files = (
				83B39467872747913D42B033 /* Pods_shopBuddy.framework in Frameworks */,
			);
			runOnlyForDeploymentPostprocessing = 0;
		};
		06A377252875FE2600A6AA7D /* Frameworks */ = {
			isa = PBXFrameworksBuildPhase;
			buildActionMask = 2147483647;
			files = (
				33ABBBA0EFD5F2DE0074496D /* Pods_shopBuddyTests.framework in Frameworks */,
			);
			runOnlyForDeploymentPostprocessing = 0;
		};
		06A3772F2875FE2600A6AA7D /* Frameworks */ = {
			isa = PBXFrameworksBuildPhase;
			buildActionMask = 2147483647;
			files = (
				4FAE13C4D0436D1585F1B7A0 /* Pods_shopBuddy_shopBuddyUITests.framework in Frameworks */,
			);
			runOnlyForDeploymentPostprocessing = 0;
		};
/* End PBXFrameworksBuildPhase section */

/* Begin PBXGroup section */
		06A377042875FE2500A6AA7D = {
			isa = PBXGroup;
			children = (
				06A3770F2875FE2500A6AA7D /* shopBuddy */,
				06A3772B2875FE2600A6AA7D /* shopBuddyTests */,
				06A377352875FE2600A6AA7D /* shopBuddyUITests */,
				06A3770E2875FE2500A6AA7D /* Products */,
				1F6BE763E66CD5E2542DF51A /* Pods */,
				D88FD58F4E16319955A109C3 /* Frameworks */,
			);
			sourceTree = "<group>";
		};
		06A3770E2875FE2500A6AA7D /* Products */ = {
			isa = PBXGroup;
			children = (
				06A3770D2875FE2500A6AA7D /* shopBuddy.app */,
				06A377282875FE2600A6AA7D /* shopBuddyTests.xctest */,
				06A377322875FE2600A6AA7D /* shopBuddyUITests.xctest */,
			);
			name = Products;
			sourceTree = "<group>";
		};
		06A3770F2875FE2500A6AA7D /* shopBuddy */ = {
			isa = PBXGroup;
			children = (
				066F0B3828872E7900BE5213 /* ShoppingList.h */,
				066F0B3728872E7800BE5213 /* ShoppingList.m */,
				06EC27422885FF9C006C8183 /* SearchResultItemCell.h */,
				06EC27432885FF9C006C8183 /* SearchResultItemCell.m */,
				06A377102875FE2500A6AA7D /* AppDelegate.h */,
				06A377112875FE2500A6AA7D /* AppDelegate.m */,
				06AF73E8287DF62E00703AB4 /* APIManager.h */,
				06AF73E9287DF62E00703AB4 /* APIManager.m */,
				06A377132875FE2500A6AA7D /* SceneDelegate.h */,
				06A377142875FE2500A6AA7D /* SceneDelegate.m */,
				06A377162875FE2500A6AA7D /* ViewController.h */,
				06A377172875FE2500A6AA7D /* ViewController.m */,
				06A377192875FE2500A6AA7D /* Main.storyboard */,
				066F0B3A2887351500BE5213 /* ShoppingListCell.h */,
				066F0B3B2887351500BE5213 /* ShoppingListCell.m */,
				0682674B288629EA0090D635 /* ShoppingListManagerViewController.h */,
				0682674C288629EA0090D635 /* ShoppingListManagerViewController.m */,
				06826745288628450090D635 /* SpecificListViewController.h */,
				06826746288628450090D635 /* SpecificListViewController.m */,
				064A476B28809E8800AEF527 /* ScanBarcodeViewController.h */,
				064A476C28809E8800AEF527 /* ScanBarcodeViewController.m */,
				061C55E9287E284F00033418 /* AddItemViewController.h */,
				061C55EA287E284F00033418 /* AddItemViewController.m */,
				06644833287774D300D89317 /* ProfileViewController.h */,
				06644834287774D300D89317 /* ProfileViewController.m */,
				06AE10DC287CA9AF00365113 /* ItemDetailViewController.h */,
				06AE10DD287CA9AF00365113 /* ItemDetailViewController.m */,
				06A377452876034000A6AA7D /* LoginViewController.h */,
				06A377462876034000A6AA7D /* LoginViewController.m */,
				06A3771C2875FE2500A6AA7D /* Assets.xcassets */,
				061C55EC287E303C00033418 /* Item.h */,
				061C55ED287E303C00033418 /* Item.m */,
				061C55F0287E303C00033418 /* Trip.h */,
				061C55F1287E303C00033418 /* Trip.m */,
				06A3771E2875FE2500A6AA7D /* LaunchScreen.storyboard */,
				06A377212875FE2500A6AA7D /* Info.plist */,
				06AF73E6287DF44100703AB4 /* Keys.plist */,
				06A377222875FE2500A6AA7D /* main.m */,
			);
			path = shopBuddy;
			sourceTree = "<group>";
		};
		06A3772B2875FE2600A6AA7D /* shopBuddyTests */ = {
			isa = PBXGroup;
			children = (
				06A3772C2875FE2600A6AA7D /* shopBuddyTests.m */,
			);
			path = shopBuddyTests;
			sourceTree = "<group>";
		};
		06A377352875FE2600A6AA7D /* shopBuddyUITests */ = {
			isa = PBXGroup;
			children = (
				06A377362875FE2600A6AA7D /* shopBuddyUITests.m */,
				06A377382875FE2600A6AA7D /* shopBuddyUITestsLaunchTests.m */,
			);
			path = shopBuddyUITests;
			sourceTree = "<group>";
		};
		1F6BE763E66CD5E2542DF51A /* Pods */ = {
			isa = PBXGroup;
			children = (
				013DD7C4DF0A94FC4D7FC2D7 /* Pods-shopBuddy.debug.xcconfig */,
				62258DBD9521EB8252325E07 /* Pods-shopBuddy.release.xcconfig */,
				74B92174F6E781B4284D2EB1 /* Pods-shopBuddy-shopBuddyUITests.debug.xcconfig */,
				98F2B1699A5781A2A8C0A144 /* Pods-shopBuddy-shopBuddyUITests.release.xcconfig */,
				0120EC177056832D6695B428 /* Pods-shopBuddyTests.debug.xcconfig */,
				57D1447D4426488D803294F1 /* Pods-shopBuddyTests.release.xcconfig */,
			);
			path = Pods;
			sourceTree = "<group>";
		};
		D88FD58F4E16319955A109C3 /* Frameworks */ = {
			isa = PBXGroup;
			children = (
				A4373E1465869E684E892CF1 /* Pods_shopBuddy.framework */,
				F76603BFE840A21CA4331931 /* Pods_shopBuddy_shopBuddyUITests.framework */,
				223652829D200A57A0FB831D /* Pods_shopBuddyTests.framework */,
			);
			name = Frameworks;
			sourceTree = "<group>";
		};
/* End PBXGroup section */

/* Begin PBXNativeTarget section */
		06A3770C2875FE2500A6AA7D /* shopBuddy */ = {
			isa = PBXNativeTarget;
			buildConfigurationList = 06A3773C2875FE2600A6AA7D /* Build configuration list for PBXNativeTarget "shopBuddy" */;
			buildPhases = (
				C181A772880582EA6932D2ED /* [CP] Check Pods Manifest.lock */,
				06A377092875FE2500A6AA7D /* Sources */,
				06A3770A2875FE2500A6AA7D /* Frameworks */,
				06A3770B2875FE2500A6AA7D /* Resources */,
				55134E77415062071C37E220 /* [CP] Embed Pods Frameworks */,
			);
			buildRules = (
			);
			dependencies = (
			);
			name = shopBuddy;
			productName = shopBuddy;
			productReference = 06A3770D2875FE2500A6AA7D /* shopBuddy.app */;
			productType = "com.apple.product-type.application";
		};
		06A377272875FE2600A6AA7D /* shopBuddyTests */ = {
			isa = PBXNativeTarget;
			buildConfigurationList = 06A3773F2875FE2600A6AA7D /* Build configuration list for PBXNativeTarget "shopBuddyTests" */;
			buildPhases = (
				7925BF4B6B6F91766C0654A3 /* [CP] Check Pods Manifest.lock */,
				06A377242875FE2600A6AA7D /* Sources */,
				06A377252875FE2600A6AA7D /* Frameworks */,
				06A377262875FE2600A6AA7D /* Resources */,
			);
			buildRules = (
			);
			dependencies = (
				06A3772A2875FE2600A6AA7D /* PBXTargetDependency */,
			);
			name = shopBuddyTests;
			productName = shopBuddyTests;
			productReference = 06A377282875FE2600A6AA7D /* shopBuddyTests.xctest */;
			productType = "com.apple.product-type.bundle.unit-test";
		};
		06A377312875FE2600A6AA7D /* shopBuddyUITests */ = {
			isa = PBXNativeTarget;
			buildConfigurationList = 06A377422875FE2600A6AA7D /* Build configuration list for PBXNativeTarget "shopBuddyUITests" */;
			buildPhases = (
				F0F94530E2C8D3A0ABA8527D /* [CP] Check Pods Manifest.lock */,
				06A3772E2875FE2600A6AA7D /* Sources */,
				06A3772F2875FE2600A6AA7D /* Frameworks */,
				06A377302875FE2600A6AA7D /* Resources */,
				63B1F8D4DE25CE2B6686A174 /* [CP] Embed Pods Frameworks */,
			);
			buildRules = (
			);
			dependencies = (
				06A377342875FE2600A6AA7D /* PBXTargetDependency */,
			);
			name = shopBuddyUITests;
			productName = shopBuddyUITests;
			productReference = 06A377322875FE2600A6AA7D /* shopBuddyUITests.xctest */;
			productType = "com.apple.product-type.bundle.ui-testing";
		};
/* End PBXNativeTarget section */

/* Begin PBXProject section */
		06A377052875FE2500A6AA7D /* Project object */ = {
			isa = PBXProject;
			attributes = {
				BuildIndependentTargetsInParallel = 1;
				LastUpgradeCheck = 1340;
				TargetAttributes = {
					06A3770C2875FE2500A6AA7D = {
						CreatedOnToolsVersion = 13.4.1;
					};
					06A377272875FE2600A6AA7D = {
						CreatedOnToolsVersion = 13.4.1;
						TestTargetID = 06A3770C2875FE2500A6AA7D;
					};
					06A377312875FE2600A6AA7D = {
						CreatedOnToolsVersion = 13.4.1;
						TestTargetID = 06A3770C2875FE2500A6AA7D;
					};
				};
			};
			buildConfigurationList = 06A377082875FE2500A6AA7D /* Build configuration list for PBXProject "shopBuddy" */;
			compatibilityVersion = "Xcode 13.0";
			developmentRegion = en;
			hasScannedForEncodings = 0;
			knownRegions = (
				en,
				Base,
			);
			mainGroup = 06A377042875FE2500A6AA7D;
			productRefGroup = 06A3770E2875FE2500A6AA7D /* Products */;
			projectDirPath = "";
			projectRoot = "";
			targets = (
				06A3770C2875FE2500A6AA7D /* shopBuddy */,
				06A377272875FE2600A6AA7D /* shopBuddyTests */,
				06A377312875FE2600A6AA7D /* shopBuddyUITests */,
			);
		};
/* End PBXProject section */

/* Begin PBXResourcesBuildPhase section */
		06A3770B2875FE2500A6AA7D /* Resources */ = {
			isa = PBXResourcesBuildPhase;
			buildActionMask = 2147483647;
			files = (
				06AF73E7287DF44100703AB4 /* Keys.plist in Resources */,
				06A377202875FE2500A6AA7D /* LaunchScreen.storyboard in Resources */,
				06A3771D2875FE2500A6AA7D /* Assets.xcassets in Resources */,
				06A3771B2875FE2500A6AA7D /* Main.storyboard in Resources */,
			);
			runOnlyForDeploymentPostprocessing = 0;
		};
		06A377262875FE2600A6AA7D /* Resources */ = {
			isa = PBXResourcesBuildPhase;
			buildActionMask = 2147483647;
			files = (
			);
			runOnlyForDeploymentPostprocessing = 0;
		};
		06A377302875FE2600A6AA7D /* Resources */ = {
			isa = PBXResourcesBuildPhase;
			buildActionMask = 2147483647;
			files = (
			);
			runOnlyForDeploymentPostprocessing = 0;
		};
/* End PBXResourcesBuildPhase section */

/* Begin PBXShellScriptBuildPhase section */
		55134E77415062071C37E220 /* [CP] Embed Pods Frameworks */ = {
			isa = PBXShellScriptBuildPhase;
			buildActionMask = 2147483647;
			files = (
			);
			inputFileListPaths = (
				"${PODS_ROOT}/Target Support Files/Pods-shopBuddy/Pods-shopBuddy-frameworks-${CONFIGURATION}-input-files.xcfilelist",
			);
			name = "[CP] Embed Pods Frameworks";
			outputFileListPaths = (
				"${PODS_ROOT}/Target Support Files/Pods-shopBuddy/Pods-shopBuddy-frameworks-${CONFIGURATION}-output-files.xcfilelist",
			);
			runOnlyForDeploymentPostprocessing = 0;
			shellPath = /bin/sh;
			shellScript = "\"${PODS_ROOT}/Target Support Files/Pods-shopBuddy/Pods-shopBuddy-frameworks.sh\"\n";
			showEnvVarsInLog = 0;
		};
		63B1F8D4DE25CE2B6686A174 /* [CP] Embed Pods Frameworks */ = {
			isa = PBXShellScriptBuildPhase;
			buildActionMask = 2147483647;
			files = (
			);
			inputFileListPaths = (
				"${PODS_ROOT}/Target Support Files/Pods-shopBuddy-shopBuddyUITests/Pods-shopBuddy-shopBuddyUITests-frameworks-${CONFIGURATION}-input-files.xcfilelist",
			);
			name = "[CP] Embed Pods Frameworks";
			outputFileListPaths = (
				"${PODS_ROOT}/Target Support Files/Pods-shopBuddy-shopBuddyUITests/Pods-shopBuddy-shopBuddyUITests-frameworks-${CONFIGURATION}-output-files.xcfilelist",
			);
			runOnlyForDeploymentPostprocessing = 0;
			shellPath = /bin/sh;
			shellScript = "\"${PODS_ROOT}/Target Support Files/Pods-shopBuddy-shopBuddyUITests/Pods-shopBuddy-shopBuddyUITests-frameworks.sh\"\n";
			showEnvVarsInLog = 0;
		};
		7925BF4B6B6F91766C0654A3 /* [CP] Check Pods Manifest.lock */ = {
			isa = PBXShellScriptBuildPhase;
			buildActionMask = 2147483647;
			files = (
			);
			inputFileListPaths = (
			);
			inputPaths = (
				"${PODS_PODFILE_DIR_PATH}/Podfile.lock",
				"${PODS_ROOT}/Manifest.lock",
			);
			name = "[CP] Check Pods Manifest.lock";
			outputFileListPaths = (
			);
			outputPaths = (
				"$(DERIVED_FILE_DIR)/Pods-shopBuddyTests-checkManifestLockResult.txt",
			);
			runOnlyForDeploymentPostprocessing = 0;
			shellPath = /bin/sh;
			shellScript = "diff \"${PODS_PODFILE_DIR_PATH}/Podfile.lock\" \"${PODS_ROOT}/Manifest.lock\" > /dev/null\nif [ $? != 0 ] ; then\n    # print error to STDERR\n    echo \"error: The sandbox is not in sync with the Podfile.lock. Run 'pod install' or update your CocoaPods installation.\" >&2\n    exit 1\nfi\n# This output is used by Xcode 'outputs' to avoid re-running this script phase.\necho \"SUCCESS\" > \"${SCRIPT_OUTPUT_FILE_0}\"\n";
			showEnvVarsInLog = 0;
		};
		C181A772880582EA6932D2ED /* [CP] Check Pods Manifest.lock */ = {
			isa = PBXShellScriptBuildPhase;
			buildActionMask = 2147483647;
			files = (
			);
			inputFileListPaths = (
			);
			inputPaths = (
				"${PODS_PODFILE_DIR_PATH}/Podfile.lock",
				"${PODS_ROOT}/Manifest.lock",
			);
			name = "[CP] Check Pods Manifest.lock";
			outputFileListPaths = (
			);
			outputPaths = (
				"$(DERIVED_FILE_DIR)/Pods-shopBuddy-checkManifestLockResult.txt",
			);
			runOnlyForDeploymentPostprocessing = 0;
			shellPath = /bin/sh;
			shellScript = "diff \"${PODS_PODFILE_DIR_PATH}/Podfile.lock\" \"${PODS_ROOT}/Manifest.lock\" > /dev/null\nif [ $? != 0 ] ; then\n    # print error to STDERR\n    echo \"error: The sandbox is not in sync with the Podfile.lock. Run 'pod install' or update your CocoaPods installation.\" >&2\n    exit 1\nfi\n# This output is used by Xcode 'outputs' to avoid re-running this script phase.\necho \"SUCCESS\" > \"${SCRIPT_OUTPUT_FILE_0}\"\n";
			showEnvVarsInLog = 0;
		};
		F0F94530E2C8D3A0ABA8527D /* [CP] Check Pods Manifest.lock */ = {
			isa = PBXShellScriptBuildPhase;
			buildActionMask = 2147483647;
			files = (
			);
			inputFileListPaths = (
			);
			inputPaths = (
				"${PODS_PODFILE_DIR_PATH}/Podfile.lock",
				"${PODS_ROOT}/Manifest.lock",
			);
			name = "[CP] Check Pods Manifest.lock";
			outputFileListPaths = (
			);
			outputPaths = (
				"$(DERIVED_FILE_DIR)/Pods-shopBuddy-shopBuddyUITests-checkManifestLockResult.txt",
			);
			runOnlyForDeploymentPostprocessing = 0;
			shellPath = /bin/sh;
			shellScript = "diff \"${PODS_PODFILE_DIR_PATH}/Podfile.lock\" \"${PODS_ROOT}/Manifest.lock\" > /dev/null\nif [ $? != 0 ] ; then\n    # print error to STDERR\n    echo \"error: The sandbox is not in sync with the Podfile.lock. Run 'pod install' or update your CocoaPods installation.\" >&2\n    exit 1\nfi\n# This output is used by Xcode 'outputs' to avoid re-running this script phase.\necho \"SUCCESS\" > \"${SCRIPT_OUTPUT_FILE_0}\"\n";
			showEnvVarsInLog = 0;
		};
/* End PBXShellScriptBuildPhase section */

/* Begin PBXSourcesBuildPhase section */
		06A377092875FE2500A6AA7D /* Sources */ = {
			isa = PBXSourcesBuildPhase;
			buildActionMask = 2147483647;
			files = (
				064A476D28809E8800AEF527 /* ScanBarcodeViewController.m in Sources */,
				066F0B3C2887351500BE5213 /* ShoppingListCell.m in Sources */,
				061C55F4287E303C00033418 /* Trip.m in Sources */,
				06A377182875FE2500A6AA7D /* ViewController.m in Sources */,
				06AF73EA287DF62E00703AB4 /* APIManager.m in Sources */,
				06826747288628450090D635 /* SpecificListViewController.m in Sources */,
				061C55EB287E284F00033418 /* AddItemViewController.m in Sources */,
				06A377122875FE2500A6AA7D /* AppDelegate.m in Sources */,
				06EC27442885FF9D006C8183 /* SearchResultItemCell.m in Sources */,
				06A377232875FE2500A6AA7D /* main.m in Sources */,
				06644835287774D300D89317 /* ProfileViewController.m in Sources */,
				061C55F2287E303C00033418 /* Item.m in Sources */,
				0682674D288629EA0090D635 /* ShoppingListManagerViewController.m in Sources */,
				06A377152875FE2500A6AA7D /* SceneDelegate.m in Sources */,
				066F0B3928872E7900BE5213 /* ShoppingList.m in Sources */,
				06AE10DE287CA9AF00365113 /* ItemDetailViewController.m in Sources */,
				06A377472876034000A6AA7D /* LoginViewController.m in Sources */,
			);
			runOnlyForDeploymentPostprocessing = 0;
		};
		06A377242875FE2600A6AA7D /* Sources */ = {
			isa = PBXSourcesBuildPhase;
			buildActionMask = 2147483647;
			files = (
				06A3772D2875FE2600A6AA7D /* shopBuddyTests.m in Sources */,
			);
			runOnlyForDeploymentPostprocessing = 0;
		};
		06A3772E2875FE2600A6AA7D /* Sources */ = {
			isa = PBXSourcesBuildPhase;
			buildActionMask = 2147483647;
			files = (
				06A377372875FE2600A6AA7D /* shopBuddyUITests.m in Sources */,
				06A377392875FE2600A6AA7D /* shopBuddyUITestsLaunchTests.m in Sources */,
			);
			runOnlyForDeploymentPostprocessing = 0;
		};
/* End PBXSourcesBuildPhase section */

/* Begin PBXTargetDependency section */
		06A3772A2875FE2600A6AA7D /* PBXTargetDependency */ = {
			isa = PBXTargetDependency;
			target = 06A3770C2875FE2500A6AA7D /* shopBuddy */;
			targetProxy = 06A377292875FE2600A6AA7D /* PBXContainerItemProxy */;
		};
		06A377342875FE2600A6AA7D /* PBXTargetDependency */ = {
			isa = PBXTargetDependency;
			target = 06A3770C2875FE2500A6AA7D /* shopBuddy */;
			targetProxy = 06A377332875FE2600A6AA7D /* PBXContainerItemProxy */;
		};
/* End PBXTargetDependency section */

/* Begin PBXVariantGroup section */
		06A377192875FE2500A6AA7D /* Main.storyboard */ = {
			isa = PBXVariantGroup;
			children = (
				06A3771A2875FE2500A6AA7D /* Base */,
			);
			name = Main.storyboard;
			sourceTree = "<group>";
		};
		06A3771E2875FE2500A6AA7D /* LaunchScreen.storyboard */ = {
			isa = PBXVariantGroup;
			children = (
				06A3771F2875FE2500A6AA7D /* Base */,
			);
			name = LaunchScreen.storyboard;
			sourceTree = "<group>";
		};
/* End PBXVariantGroup section */

/* Begin XCBuildConfiguration section */
		06A3773A2875FE2600A6AA7D /* Debug */ = {
			isa = XCBuildConfiguration;
			buildSettings = {
				ALWAYS_SEARCH_USER_PATHS = NO;
				CLANG_ANALYZER_NONNULL = YES;
				CLANG_ANALYZER_NUMBER_OBJECT_CONVERSION = YES_AGGRESSIVE;
				CLANG_CXX_LANGUAGE_STANDARD = "gnu++17";
				CLANG_ENABLE_MODULES = YES;
				CLANG_ENABLE_OBJC_ARC = YES;
				CLANG_ENABLE_OBJC_WEAK = YES;
				CLANG_WARN_BLOCK_CAPTURE_AUTORELEASING = YES;
				CLANG_WARN_BOOL_CONVERSION = YES;
				CLANG_WARN_COMMA = YES;
				CLANG_WARN_CONSTANT_CONVERSION = YES;
				CLANG_WARN_DEPRECATED_OBJC_IMPLEMENTATIONS = YES;
				CLANG_WARN_DIRECT_OBJC_ISA_USAGE = YES_ERROR;
				CLANG_WARN_DOCUMENTATION_COMMENTS = YES;
				CLANG_WARN_EMPTY_BODY = YES;
				CLANG_WARN_ENUM_CONVERSION = YES;
				CLANG_WARN_INFINITE_RECURSION = YES;
				CLANG_WARN_INT_CONVERSION = YES;
				CLANG_WARN_NON_LITERAL_NULL_CONVERSION = YES;
				CLANG_WARN_OBJC_IMPLICIT_RETAIN_SELF = YES;
				CLANG_WARN_OBJC_LITERAL_CONVERSION = YES;
				CLANG_WARN_OBJC_ROOT_CLASS = YES_ERROR;
				CLANG_WARN_QUOTED_INCLUDE_IN_FRAMEWORK_HEADER = YES;
				CLANG_WARN_RANGE_LOOP_ANALYSIS = YES;
				CLANG_WARN_STRICT_PROTOTYPES = YES;
				CLANG_WARN_SUSPICIOUS_MOVE = YES;
				CLANG_WARN_UNGUARDED_AVAILABILITY = YES_AGGRESSIVE;
				CLANG_WARN_UNREACHABLE_CODE = YES;
				CLANG_WARN__DUPLICATE_METHOD_MATCH = YES;
				COPY_PHASE_STRIP = NO;
				DEBUG_INFORMATION_FORMAT = dwarf;
				ENABLE_STRICT_OBJC_MSGSEND = YES;
				ENABLE_TESTABILITY = YES;
				GCC_C_LANGUAGE_STANDARD = gnu11;
				GCC_DYNAMIC_NO_PIC = NO;
				GCC_NO_COMMON_BLOCKS = YES;
				GCC_OPTIMIZATION_LEVEL = 0;
				GCC_PREPROCESSOR_DEFINITIONS = (
					"DEBUG=1",
					"$(inherited)",
				);
				GCC_WARN_64_TO_32_BIT_CONVERSION = YES;
				GCC_WARN_ABOUT_RETURN_TYPE = YES_ERROR;
				GCC_WARN_UNDECLARED_SELECTOR = YES;
				GCC_WARN_UNINITIALIZED_AUTOS = YES_AGGRESSIVE;
				GCC_WARN_UNUSED_FUNCTION = YES;
				GCC_WARN_UNUSED_VARIABLE = YES;
				IPHONEOS_DEPLOYMENT_TARGET = 15.5;
				MTL_ENABLE_DEBUG_INFO = INCLUDE_SOURCE;
				MTL_FAST_MATH = YES;
				ONLY_ACTIVE_ARCH = YES;
				SDKROOT = iphoneos;
			};
			name = Debug;
		};
		06A3773B2875FE2600A6AA7D /* Release */ = {
			isa = XCBuildConfiguration;
			buildSettings = {
				ALWAYS_SEARCH_USER_PATHS = NO;
				CLANG_ANALYZER_NONNULL = YES;
				CLANG_ANALYZER_NUMBER_OBJECT_CONVERSION = YES_AGGRESSIVE;
				CLANG_CXX_LANGUAGE_STANDARD = "gnu++17";
				CLANG_ENABLE_MODULES = YES;
				CLANG_ENABLE_OBJC_ARC = YES;
				CLANG_ENABLE_OBJC_WEAK = YES;
				CLANG_WARN_BLOCK_CAPTURE_AUTORELEASING = YES;
				CLANG_WARN_BOOL_CONVERSION = YES;
				CLANG_WARN_COMMA = YES;
				CLANG_WARN_CONSTANT_CONVERSION = YES;
				CLANG_WARN_DEPRECATED_OBJC_IMPLEMENTATIONS = YES;
				CLANG_WARN_DIRECT_OBJC_ISA_USAGE = YES_ERROR;
				CLANG_WARN_DOCUMENTATION_COMMENTS = YES;
				CLANG_WARN_EMPTY_BODY = YES;
				CLANG_WARN_ENUM_CONVERSION = YES;
				CLANG_WARN_INFINITE_RECURSION = YES;
				CLANG_WARN_INT_CONVERSION = YES;
				CLANG_WARN_NON_LITERAL_NULL_CONVERSION = YES;
				CLANG_WARN_OBJC_IMPLICIT_RETAIN_SELF = YES;
				CLANG_WARN_OBJC_LITERAL_CONVERSION = YES;
				CLANG_WARN_OBJC_ROOT_CLASS = YES_ERROR;
				CLANG_WARN_QUOTED_INCLUDE_IN_FRAMEWORK_HEADER = YES;
				CLANG_WARN_RANGE_LOOP_ANALYSIS = YES;
				CLANG_WARN_STRICT_PROTOTYPES = YES;
				CLANG_WARN_SUSPICIOUS_MOVE = YES;
				CLANG_WARN_UNGUARDED_AVAILABILITY = YES_AGGRESSIVE;
				CLANG_WARN_UNREACHABLE_CODE = YES;
				CLANG_WARN__DUPLICATE_METHOD_MATCH = YES;
				COPY_PHASE_STRIP = NO;
				DEBUG_INFORMATION_FORMAT = "dwarf-with-dsym";
				ENABLE_NS_ASSERTIONS = NO;
				ENABLE_STRICT_OBJC_MSGSEND = YES;
				GCC_C_LANGUAGE_STANDARD = gnu11;
				GCC_NO_COMMON_BLOCKS = YES;
				GCC_WARN_64_TO_32_BIT_CONVERSION = YES;
				GCC_WARN_ABOUT_RETURN_TYPE = YES_ERROR;
				GCC_WARN_UNDECLARED_SELECTOR = YES;
				GCC_WARN_UNINITIALIZED_AUTOS = YES_AGGRESSIVE;
				GCC_WARN_UNUSED_FUNCTION = YES;
				GCC_WARN_UNUSED_VARIABLE = YES;
				IPHONEOS_DEPLOYMENT_TARGET = 15.5;
				MTL_ENABLE_DEBUG_INFO = NO;
				MTL_FAST_MATH = YES;
				SDKROOT = iphoneos;
				VALIDATE_PRODUCT = YES;
			};
			name = Release;
		};
		06A3773D2875FE2600A6AA7D /* Debug */ = {
			isa = XCBuildConfiguration;
			baseConfigurationReference = 013DD7C4DF0A94FC4D7FC2D7 /* Pods-shopBuddy.debug.xcconfig */;
			buildSettings = {
				ASSETCATALOG_COMPILER_APPICON_NAME = AppIcon;
				ASSETCATALOG_COMPILER_GLOBAL_ACCENT_COLOR_NAME = AccentColor;
				CODE_SIGN_STYLE = Automatic;
				CURRENT_PROJECT_VERSION = 1;
				DEVELOPMENT_TEAM = 5T643H62KK;
				GENERATE_INFOPLIST_FILE = YES;
				INFOPLIST_FILE = shopBuddy/Info.plist;
				INFOPLIST_KEY_UIApplicationSupportsIndirectInputEvents = YES;
				INFOPLIST_KEY_UILaunchStoryboardName = LaunchScreen;
				INFOPLIST_KEY_UIMainStoryboardFile = Main;
				INFOPLIST_KEY_UISupportedInterfaceOrientations_iPad = "UIInterfaceOrientationPortrait UIInterfaceOrientationPortraitUpsideDown UIInterfaceOrientationLandscapeLeft UIInterfaceOrientationLandscapeRight";
				INFOPLIST_KEY_UISupportedInterfaceOrientations_iPhone = "UIInterfaceOrientationPortrait UIInterfaceOrientationLandscapeLeft UIInterfaceOrientationLandscapeRight";
				LD_RUNPATH_SEARCH_PATHS = (
					"$(inherited)",
					"@executable_path/Frameworks",
				);
				MARKETING_VERSION = 1.0;
				PRODUCT_BUNDLE_IDENTIFIER = com.codepath.www.shopBuddy;
				PRODUCT_NAME = "$(TARGET_NAME)";
				SWIFT_EMIT_LOC_STRINGS = YES;
				TARGETED_DEVICE_FAMILY = "1,2";
			};
			name = Debug;
		};
		06A3773E2875FE2600A6AA7D /* Release */ = {
			isa = XCBuildConfiguration;
			baseConfigurationReference = 62258DBD9521EB8252325E07 /* Pods-shopBuddy.release.xcconfig */;
			buildSettings = {
				ASSETCATALOG_COMPILER_APPICON_NAME = AppIcon;
				ASSETCATALOG_COMPILER_GLOBAL_ACCENT_COLOR_NAME = AccentColor;
				CODE_SIGN_STYLE = Automatic;
				CURRENT_PROJECT_VERSION = 1;
				DEVELOPMENT_TEAM = 5T643H62KK;
				GENERATE_INFOPLIST_FILE = YES;
				INFOPLIST_FILE = shopBuddy/Info.plist;
				INFOPLIST_KEY_UIApplicationSupportsIndirectInputEvents = YES;
				INFOPLIST_KEY_UILaunchStoryboardName = LaunchScreen;
				INFOPLIST_KEY_UIMainStoryboardFile = Main;
				INFOPLIST_KEY_UISupportedInterfaceOrientations_iPad = "UIInterfaceOrientationPortrait UIInterfaceOrientationPortraitUpsideDown UIInterfaceOrientationLandscapeLeft UIInterfaceOrientationLandscapeRight";
				INFOPLIST_KEY_UISupportedInterfaceOrientations_iPhone = "UIInterfaceOrientationPortrait UIInterfaceOrientationLandscapeLeft UIInterfaceOrientationLandscapeRight";
				LD_RUNPATH_SEARCH_PATHS = (
					"$(inherited)",
					"@executable_path/Frameworks",
				);
				MARKETING_VERSION = 1.0;
				PRODUCT_BUNDLE_IDENTIFIER = com.codepath.www.shopBuddy;
				PRODUCT_NAME = "$(TARGET_NAME)";
				SWIFT_EMIT_LOC_STRINGS = YES;
				TARGETED_DEVICE_FAMILY = "1,2";
			};
			name = Release;
		};
		06A377402875FE2600A6AA7D /* Debug */ = {
			isa = XCBuildConfiguration;
			baseConfigurationReference = 0120EC177056832D6695B428 /* Pods-shopBuddyTests.debug.xcconfig */;
			buildSettings = {
				BUNDLE_LOADER = "$(TEST_HOST)";
				CODE_SIGN_STYLE = Automatic;
				CURRENT_PROJECT_VERSION = 1;
				DEVELOPMENT_TEAM = 5T643H62KK;
				GENERATE_INFOPLIST_FILE = YES;
				IPHONEOS_DEPLOYMENT_TARGET = 15.5;
				MARKETING_VERSION = 1.0;
				PRODUCT_BUNDLE_IDENTIFIER = com.codepath.www.shopBuddyTests;
				PRODUCT_NAME = "$(TARGET_NAME)";
				SWIFT_EMIT_LOC_STRINGS = NO;
				TARGETED_DEVICE_FAMILY = "1,2";
				TEST_HOST = "$(BUILT_PRODUCTS_DIR)/shopBuddy.app/shopBuddy";
			};
			name = Debug;
		};
		06A377412875FE2600A6AA7D /* Release */ = {
			isa = XCBuildConfiguration;
			baseConfigurationReference = 57D1447D4426488D803294F1 /* Pods-shopBuddyTests.release.xcconfig */;
			buildSettings = {
				BUNDLE_LOADER = "$(TEST_HOST)";
				CODE_SIGN_STYLE = Automatic;
				CURRENT_PROJECT_VERSION = 1;
				DEVELOPMENT_TEAM = 5T643H62KK;
				GENERATE_INFOPLIST_FILE = YES;
				IPHONEOS_DEPLOYMENT_TARGET = 15.5;
				MARKETING_VERSION = 1.0;
				PRODUCT_BUNDLE_IDENTIFIER = com.codepath.www.shopBuddyTests;
				PRODUCT_NAME = "$(TARGET_NAME)";
				SWIFT_EMIT_LOC_STRINGS = NO;
				TARGETED_DEVICE_FAMILY = "1,2";
				TEST_HOST = "$(BUILT_PRODUCTS_DIR)/shopBuddy.app/shopBuddy";
			};
			name = Release;
		};
		06A377432875FE2600A6AA7D /* Debug */ = {
			isa = XCBuildConfiguration;
			baseConfigurationReference = 74B92174F6E781B4284D2EB1 /* Pods-shopBuddy-shopBuddyUITests.debug.xcconfig */;
			buildSettings = {
				CODE_SIGN_STYLE = Automatic;
				CURRENT_PROJECT_VERSION = 1;
				DEVELOPMENT_TEAM = 5T643H62KK;
				GENERATE_INFOPLIST_FILE = YES;
				MARKETING_VERSION = 1.0;
				PRODUCT_BUNDLE_IDENTIFIER = com.codepath.www.shopBuddyUITests;
				PRODUCT_NAME = "$(TARGET_NAME)";
				SWIFT_EMIT_LOC_STRINGS = NO;
				TARGETED_DEVICE_FAMILY = "1,2";
				TEST_TARGET_NAME = shopBuddy;
			};
			name = Debug;
		};
		06A377442875FE2600A6AA7D /* Release */ = {
			isa = XCBuildConfiguration;
			baseConfigurationReference = 98F2B1699A5781A2A8C0A144 /* Pods-shopBuddy-shopBuddyUITests.release.xcconfig */;
			buildSettings = {
				CODE_SIGN_STYLE = Automatic;
				CURRENT_PROJECT_VERSION = 1;
				DEVELOPMENT_TEAM = 5T643H62KK;
				GENERATE_INFOPLIST_FILE = YES;
				MARKETING_VERSION = 1.0;
				PRODUCT_BUNDLE_IDENTIFIER = com.codepath.www.shopBuddyUITests;
				PRODUCT_NAME = "$(TARGET_NAME)";
				SWIFT_EMIT_LOC_STRINGS = NO;
				TARGETED_DEVICE_FAMILY = "1,2";
				TEST_TARGET_NAME = shopBuddy;
			};
			name = Release;
		};
/* End XCBuildConfiguration section */

/* Begin XCConfigurationList section */
		06A377082875FE2500A6AA7D /* Build configuration list for PBXProject "shopBuddy" */ = {
			isa = XCConfigurationList;
			buildConfigurations = (
				06A3773A2875FE2600A6AA7D /* Debug */,
				06A3773B2875FE2600A6AA7D /* Release */,
			);
			defaultConfigurationIsVisible = 0;
			defaultConfigurationName = Release;
		};
		06A3773C2875FE2600A6AA7D /* Build configuration list for PBXNativeTarget "shopBuddy" */ = {
			isa = XCConfigurationList;
			buildConfigurations = (
				06A3773D2875FE2600A6AA7D /* Debug */,
				06A3773E2875FE2600A6AA7D /* Release */,
			);
			defaultConfigurationIsVisible = 0;
			defaultConfigurationName = Release;
		};
		06A3773F2875FE2600A6AA7D /* Build configuration list for PBXNativeTarget "shopBuddyTests" */ = {
			isa = XCConfigurationList;
			buildConfigurations = (
				06A377402875FE2600A6AA7D /* Debug */,
				06A377412875FE2600A6AA7D /* Release */,
			);
			defaultConfigurationIsVisible = 0;
			defaultConfigurationName = Release;
		};
		06A377422875FE2600A6AA7D /* Build configuration list for PBXNativeTarget "shopBuddyUITests" */ = {
			isa = XCConfigurationList;
			buildConfigurations = (
				06A377432875FE2600A6AA7D /* Debug */,
				06A377442875FE2600A6AA7D /* Release */,
			);
			defaultConfigurationIsVisible = 0;
			defaultConfigurationName = Release;
		};
/* End XCConfigurationList section */
	};
	rootObject = 06A377052875FE2500A6AA7D /* Project object */;
}
